{
  "name": "Front--End",
  "lockfileVersion": 3,
  "requires": true,
  "packages": {
    "": {
      "dependencies": {
        "payment-token-efi": "^3.0.3"
      }
    },
    "node_modules/payment-token-efi": {
      "version": "3.0.3",
      "resolved": "https://registry.npmjs.org/payment-token-efi/-/payment-token-efi-3.0.3.tgz",
      "integrity": "sha512-EF9kMoCNg9iAF6l+oUXz8QlOrfgN6ug+ogMXaN62e8DfSQcw1aSoMGfLrGck5BIFNq8jqrrYX2KpH5BxCuag+w==",
      "license": "MIT"
    }
  }
}
